
Microsoft Visual Studio Solution File, Format Version 11.00
# Visual Studio 2010
Project("{FAE04EC0-301F-11D3-BF4B-00C04F79EFBC}") = "ServiceGSB", "ServiceGSB\ServiceGSB.csproj", "{780BF730-EB23-43F4-96A1-4FAE0D67E488}"
EndProject
Project("{2150E333-8FDC-42A3-9474-1A3956D46DE8}") = "Solution Items", "Solution Items", "{1CB90EDF-487F-4D0C-8F93-8157F49DCD52}"
	ProjectSection(SolutionItems) = preProject
		ServiceGSB.vsmdi = ServiceGSB.vsmdi
		TraceAndTestImpact.testsettings = TraceAndTestImpact.testsettings
	EndProjectSection
EndProject
Project("{FAE04EC0-301F-11D3-BF4B-00C04F79EFBC}") = "TestProject1", "TestProject1\TestProject1.csproj", "{C587E40F-6C48-474C-B709-EE863583F510}"
EndProject
Project("{54435603-DBB4-11D2-8724-00A0C9A8B90C}") = "Setup3", "Setup3\Setup3.vdproj", "{3B20576C-D9FB-4022-BE8D-6D1F58E6CA8C}"
EndProject
Project("{54435603-DBB4-11D2-8724-00A0C9A8B90C}") = "Setup4", "Setup4\Setup4.vdproj", "{55D21C18-9F72-47D1-9C9D-42E2BFB5F292}"
EndProject
Global
	GlobalSection(TestCaseManagementSettings) = postSolution
		CategoryFile = ServiceGSB.vsmdi
	EndGlobalSection
	GlobalSection(SolutionConfigurationPlatforms) = preSolution
		Debug|Any CPU = Debug|Any CPU
		Debug|Mixed Platforms = Debug|Mixed Platforms
		Debug|x86 = Debug|x86
		Release|Any CPU = Release|Any CPU
		Release|Mixed Platforms = Release|Mixed Platforms
		Release|x86 = Release|x86
	EndGlobalSection
	GlobalSection(ProjectConfigurationPlatforms) = postSolution
		{780BF730-EB23-43F4-96A1-4FAE0D67E488}.Debug|Any CPU.ActiveCfg = Debug|x86
		{780BF730-EB23-43F4-96A1-4FAE0D67E488}.Debug|Mixed Platforms.ActiveCfg = Debug|x86
		{780BF730-EB23-43F4-96A1-4FAE0D67E488}.Debug|Mixed Platforms.Build.0 = Debug|x86
		{780BF730-EB23-43F4-96A1-4FAE0D67E488}.Debug|x86.ActiveCfg = Debug|x86
		{780BF730-EB23-43F4-96A1-4FAE0D67E488}.Debug|x86.Build.0 = Debug|x86
		{780BF730-EB23-43F4-96A1-4FAE0D67E488}.Release|Any CPU.ActiveCfg = Release|x86
		{780BF730-EB23-43F4-96A1-4FAE0D67E488}.Release|Mixed Platforms.ActiveCfg = Release|x86
		{780BF730-EB23-43F4-96A1-4FAE0D67E488}.Release|Mixed Platforms.Build.0 = Release|x86
		{780BF730-EB23-43F4-96A1-4FAE0D67E488}.Release|x86.ActiveCfg = Release|x86
		{780BF730-EB23-43F4-96A1-4FAE0D67E488}.Release|x86.Build.0 = Release|x86
		{C587E40F-6C48-474C-B709-EE863583F510}.Debug|Any CPU.ActiveCfg = Debug|Any CPU
		{C587E40F-6C48-474C-B709-EE863583F510}.Debug|Any CPU.Build.0 = Debug|Any CPU
		{C587E40F-6C48-474C-B709-EE863583F510}.Debug|Mixed Platforms.ActiveCfg = Debug|Any CPU
		{C587E40F-6C48-474C-B709-EE863583F510}.Debug|Mixed Platforms.Build.0 = Debug|Any CPU
		{C587E40F-6C48-474C-B709-EE863583F510}.Debug|x86.ActiveCfg = Debug|Any CPU
		{C587E40F-6C48-474C-B709-EE863583F510}.Release|Any CPU.ActiveCfg = Release|Any CPU
		{C587E40F-6C48-474C-B709-EE863583F510}.Release|Any CPU.Build.0 = Release|Any CPU
		{C587E40F-6C48-474C-B709-EE863583F510}.Release|Mixed Platforms.ActiveCfg = Release|Any CPU
		{C587E40F-6C48-474C-B709-EE863583F510}.Release|Mixed Platforms.Build.0 = Release|Any CPU
		{C587E40F-6C48-474C-B709-EE863583F510}.Release|x86.ActiveCfg = Release|Any CPU
		{3B20576C-D9FB-4022-BE8D-6D1F58E6CA8C}.Debug|Any CPU.ActiveCfg = Debug
		{3B20576C-D9FB-4022-BE8D-6D1F58E6CA8C}.Debug|Mixed Platforms.ActiveCfg = Debug
		{3B20576C-D9FB-4022-BE8D-6D1F58E6CA8C}.Debug|x86.ActiveCfg = Debug
		{3B20576C-D9FB-4022-BE8D-6D1F58E6CA8C}.Release|Any CPU.ActiveCfg = Release
		{3B20576C-D9FB-4022-BE8D-6D1F58E6CA8C}.Release|Mixed Platforms.ActiveCfg = Release
		{3B20576C-D9FB-4022-BE8D-6D1F58E6CA8C}.Release|x86.ActiveCfg = Release
		{55D21C18-9F72-47D1-9C9D-42E2BFB5F292}.Debug|Any CPU.ActiveCfg = Debug
		{55D21C18-9F72-47D1-9C9D-42E2BFB5F292}.Debug|Mixed Platforms.ActiveCfg = Debug
		{55D21C18-9F72-47D1-9C9D-42E2BFB5F292}.Debug|x86.ActiveCfg = Debug
		{55D21C18-9F72-47D1-9C9D-42E2BFB5F292}.Release|Any CPU.ActiveCfg = Release
		{55D21C18-9F72-47D1-9C9D-42E2BFB5F292}.Release|Mixed Platforms.ActiveCfg = Release
		{55D21C18-9F72-47D1-9C9D-42E2BFB5F292}.Release|x86.ActiveCfg = Release
	EndGlobalSection
	GlobalSection(SolutionProperties) = preSolution
		HideSolutionNode = FALSE
	EndGlobalSection
EndGlobal
